
Microsoft Visual Studio Solution File, Format Version 12.00
# Visual Studio 15
VisualStudioVersion = 15.0.27428.2002
MinimumVisualStudioVersion = 10.0.40219.1
Project("{FAE04EC0-301F-11D3-BF4B-00C04F79EFBC}") = "LogSharp", "LogSharp\LogSharp.csproj", "{0BA94980-3946-404A-9ADC-348609EE9987}"
EndProject
Project("{2150E333-8FDC-42A3-9474-1A3956D46DE8}") = "Solution Items", "Solution Items", "{323F017E-9D8E-4AF1-93C5-09BCC59C046E}"
	ProjectSection(SolutionItems) = preProject
		LICENSE = LICENSE
		README.md = README.md
	EndProjectSection
EndProject
Project("{2150E333-8FDC-42A3-9474-1A3956D46DE8}") = "Examples", "Examples", "{CAB12ACB-8D5F-473F-9C16-A11972567259}"
EndProject
Project("{FAE04EC0-301F-11D3-BF4B-00C04F79EFBC}") = "FileLogging", "Examples\FileLogging\FileLogging.csproj", "{732FD5D3-A4B6-4EF8-9BFE-54CA4044E4D8}"
EndProject
Project("{FAE04EC0-301F-11D3-BF4B-00C04F79EFBC}") = "RollFileLogging", "Examples\RollFileLogging\RollFileLogging.csproj", "{945CB4B9-6754-4C76-9C42-6F8626836E91}"
EndProject
Global
	GlobalSection(SolutionConfigurationPlatforms) = preSolution
		Debug|Any CPU = Debug|Any CPU
		Release|Any CPU = Release|Any CPU
	EndGlobalSection
	GlobalSection(ProjectConfigurationPlatforms) = postSolution
		{0BA94980-3946-404A-9ADC-348609EE9987}.Debug|Any CPU.ActiveCfg = Debug|Any CPU
		{0BA94980-3946-404A-9ADC-348609EE9987}.Debug|Any CPU.Build.0 = Debug|Any CPU
		{0BA94980-3946-404A-9ADC-348609EE9987}.Release|Any CPU.ActiveCfg = Release|Any CPU
		{0BA94980-3946-404A-9ADC-348609EE9987}.Release|Any CPU.Build.0 = Release|Any CPU
		{732FD5D3-A4B6-4EF8-9BFE-54CA4044E4D8}.Debug|Any CPU.ActiveCfg = Debug|Any CPU
		{732FD5D3-A4B6-4EF8-9BFE-54CA4044E4D8}.Debug|Any CPU.Build.0 = Debug|Any CPU
		{732FD5D3-A4B6-4EF8-9BFE-54CA4044E4D8}.Release|Any CPU.ActiveCfg = Release|Any CPU
		{732FD5D3-A4B6-4EF8-9BFE-54CA4044E4D8}.Release|Any CPU.Build.0 = Release|Any CPU
		{945CB4B9-6754-4C76-9C42-6F8626836E91}.Debug|Any CPU.ActiveCfg = Debug|Any CPU
		{945CB4B9-6754-4C76-9C42-6F8626836E91}.Debug|Any CPU.Build.0 = Debug|Any CPU
		{945CB4B9-6754-4C76-9C42-6F8626836E91}.Release|Any CPU.ActiveCfg = Release|Any CPU
		{945CB4B9-6754-4C76-9C42-6F8626836E91}.Release|Any CPU.Build.0 = Release|Any CPU
	EndGlobalSection
	GlobalSection(SolutionProperties) = preSolution
		HideSolutionNode = FALSE
	EndGlobalSection
	GlobalSection(NestedProjects) = preSolution
		{732FD5D3-A4B6-4EF8-9BFE-54CA4044E4D8} = {CAB12ACB-8D5F-473F-9C16-A11972567259}
		{945CB4B9-6754-4C76-9C42-6F8626836E91} = {CAB12ACB-8D5F-473F-9C16-A11972567259}
	EndGlobalSection
	GlobalSection(ExtensibilityGlobals) = postSolution
		SolutionGuid = {A7B30B46-9F56-4C2D-A9BC-2C5386935946}
	EndGlobalSection
EndGlobal
